
Microsoft Visual Studio Solution File, Format Version 12.00
# Visual Studio 15
VisualStudioVersion = 15.0.28307.168
MinimumVisualStudioVersion = 10.0.40219.1
Project("{FAE04EC0-301F-11D3-BF4B-00C04F79EFBC}") = "PrijemciDotaci", "PrijemciDotaci.csproj", "{3D100A12-EBC4-49EA-8FD2-11F183029812}"
EndProject
Global
	GlobalSection(SolutionConfigurationPlatforms) = preSolution
		Debug|Any CPU = Debug|Any CPU
		Release|Any CPU = Release|Any CPU
	EndGlobalSection
	GlobalSection(ProjectConfigurationPlatforms) = postSolution
		{3D100A12-EBC4-49EA-8FD2-11F183029812}.Debug|Any CPU.ActiveCfg = Debug|Any CPU
		{3D100A12-EBC4-49EA-8FD2-11F183029812}.Debug|Any CPU.Build.0 = Debug|Any CPU
		{3D100A12-EBC4-49EA-8FD2-11F183029812}.Release|Any CPU.ActiveCfg = Release|Any CPU
		{3D100A12-EBC4-49EA-8FD2-11F183029812}.Release|Any CPU.Build.0 = Release|Any CPU
	EndGlobalSection
	GlobalSection(SolutionProperties) = preSolution
		HideSolutionNode = FALSE
	EndGlobalSection
	GlobalSection(ExtensibilityGlobals) = postSolution
		SolutionGuid = {80A12C22-0737-42DF-A77B-C2C4E4F50BA7}
	EndGlobalSection
EndGlobal
