
Microsoft Visual Studio Solution File, Format Version 12.00
# Visual Studio Version 16
VisualStudioVersion = 16.0.29025.244
MinimumVisualStudioVersion = 10.0.40219.1
Project("{FAE04EC0-301F-11D3-BF4B-00C04F79EFBC}") = "MostyRSD", "MostyRSD.csproj", "{0B313521-DD9F-40D6-A86A-8A36FBEE4568}"
EndProject
Global
	GlobalSection(SolutionConfigurationPlatforms) = preSolution
		Debug|Any CPU = Debug|Any CPU
		Release|Any CPU = Release|Any CPU
	EndGlobalSection
	GlobalSection(ProjectConfigurationPlatforms) = postSolution
		{0B313521-DD9F-40D6-A86A-8A36FBEE4568}.Debug|Any CPU.ActiveCfg = Debug|Any CPU
		{0B313521-DD9F-40D6-A86A-8A36FBEE4568}.Debug|Any CPU.Build.0 = Debug|Any CPU
		{0B313521-DD9F-40D6-A86A-8A36FBEE4568}.Release|Any CPU.ActiveCfg = Release|Any CPU
		{0B313521-DD9F-40D6-A86A-8A36FBEE4568}.Release|Any CPU.Build.0 = Release|Any CPU
	EndGlobalSection
	GlobalSection(SolutionProperties) = preSolution
		HideSolutionNode = FALSE
	EndGlobalSection
	GlobalSection(ExtensibilityGlobals) = postSolution
		SolutionGuid = {8C44356B-8811-403E-A97C-9EADE34A3BB8}
	EndGlobalSection
EndGlobal
