
Microsoft Visual Studio Solution File, Format Version 12.00
# Visual Studio Version 16
VisualStudioVersion = 16.0.30413.136
MinimumVisualStudioVersion = 10.0.40219.1
Project("{FAE04EC0-301F-11D3-BF4B-00C04F79EFBC}") = "KapacityNemocnic", "KapacityNemocnic.csproj", "{FBA295CE-BD32-4F69-BC35-0E915B4137D8}"
EndProject
Global
	GlobalSection(SolutionConfigurationPlatforms) = preSolution
		Debug|Any CPU = Debug|Any CPU
		Release|Any CPU = Release|Any CPU
	EndGlobalSection
	GlobalSection(ProjectConfigurationPlatforms) = postSolution
		{FBA295CE-BD32-4F69-BC35-0E915B4137D8}.Debug|Any CPU.ActiveCfg = Debug|Any CPU
		{FBA295CE-BD32-4F69-BC35-0E915B4137D8}.Debug|Any CPU.Build.0 = Debug|Any CPU
		{FBA295CE-BD32-4F69-BC35-0E915B4137D8}.Release|Any CPU.ActiveCfg = Release|Any CPU
		{FBA295CE-BD32-4F69-BC35-0E915B4137D8}.Release|Any CPU.Build.0 = Release|Any CPU
	EndGlobalSection
	GlobalSection(SolutionProperties) = preSolution
		HideSolutionNode = FALSE
	EndGlobalSection
	GlobalSection(ExtensibilityGlobals) = postSolution
		SolutionGuid = {304E98F8-69F9-4101-A0A6-09065343DCEB}
	EndGlobalSection
EndGlobal
