
Microsoft Visual Studio Solution File, Format Version 12.00
# Visual Studio Version 16
VisualStudioVersion = 16.0.30011.22
MinimumVisualStudioVersion = 10.0.40219.1
Project("{FAE04EC0-301F-11D3-BF4B-00C04F79EFBC}") = "Podpora-COVID", "Podpora-COVID.csproj", "{0C54A8A4-EE32-4D05-B51F-80CFD38ACD34}"
EndProject
Global
	GlobalSection(SolutionConfigurationPlatforms) = preSolution
		Debug|Any CPU = Debug|Any CPU
		Release|Any CPU = Release|Any CPU
	EndGlobalSection
	GlobalSection(ProjectConfigurationPlatforms) = postSolution
		{0C54A8A4-EE32-4D05-B51F-80CFD38ACD34}.Debug|Any CPU.ActiveCfg = Debug|Any CPU
		{0C54A8A4-EE32-4D05-B51F-80CFD38ACD34}.Debug|Any CPU.Build.0 = Debug|Any CPU
		{0C54A8A4-EE32-4D05-B51F-80CFD38ACD34}.Release|Any CPU.ActiveCfg = Release|Any CPU
		{0C54A8A4-EE32-4D05-B51F-80CFD38ACD34}.Release|Any CPU.Build.0 = Release|Any CPU
	EndGlobalSection
	GlobalSection(SolutionProperties) = preSolution
		HideSolutionNode = FALSE
	EndGlobalSection
	GlobalSection(ExtensibilityGlobals) = postSolution
		SolutionGuid = {1436DB4E-1EB6-4BFE-9FA3-F24D7D06C441}
	EndGlobalSection
EndGlobal
