
Microsoft Visual Studio Solution File, Format Version 12.00
# Visual Studio Version 16
VisualStudioVersion = 16.0.29613.14
MinimumVisualStudioVersion = 10.0.40219.1
Project("{FAE04EC0-301F-11D3-BF4B-00C04F79EFBC}") = "ZasedaniZastupitelstev", "ZasedaniZastupitelstev\ZasedaniZastupitelstev.csproj", "{CC067CC2-F44F-4F6C-BE80-834E9D8A7381}"
EndProject
Global
	GlobalSection(SolutionConfigurationPlatforms) = preSolution
		Debug|Any CPU = Debug|Any CPU
		Release|Any CPU = Release|Any CPU
	EndGlobalSection
	GlobalSection(ProjectConfigurationPlatforms) = postSolution
		{CC067CC2-F44F-4F6C-BE80-834E9D8A7381}.Debug|Any CPU.ActiveCfg = Debug|Any CPU
		{CC067CC2-F44F-4F6C-BE80-834E9D8A7381}.Debug|Any CPU.Build.0 = Debug|Any CPU
		{CC067CC2-F44F-4F6C-BE80-834E9D8A7381}.Release|Any CPU.ActiveCfg = Release|Any CPU
		{CC067CC2-F44F-4F6C-BE80-834E9D8A7381}.Release|Any CPU.Build.0 = Release|Any CPU
	EndGlobalSection
	GlobalSection(SolutionProperties) = preSolution
		HideSolutionNode = FALSE
	EndGlobalSection
	GlobalSection(ExtensibilityGlobals) = postSolution
		SolutionGuid = {EE3DB860-4C4F-4D04-81B3-C2BFCE196F94}
	EndGlobalSection
EndGlobal
