
Microsoft Visual Studio Solution File, Format Version 12.00
# Visual Studio 15
VisualStudioVersion = 15.0.28307.168
MinimumVisualStudioVersion = 10.0.40219.1
Project("{FAE04EC0-301F-11D3-BF4B-00C04F79EFBC}") = "KvalifikovaniDodavatele", "KvalifikovaniDodavatele.csproj", "{45A9E8B9-E686-4FD6-8F45-9BC4CAD62076}"
EndProject
Global
	GlobalSection(SolutionConfigurationPlatforms) = preSolution
		Debug|Any CPU = Debug|Any CPU
		Release|Any CPU = Release|Any CPU
	EndGlobalSection
	GlobalSection(ProjectConfigurationPlatforms) = postSolution
		{45A9E8B9-E686-4FD6-8F45-9BC4CAD62076}.Debug|Any CPU.ActiveCfg = Debug|Any CPU
		{45A9E8B9-E686-4FD6-8F45-9BC4CAD62076}.Debug|Any CPU.Build.0 = Debug|Any CPU
		{45A9E8B9-E686-4FD6-8F45-9BC4CAD62076}.Release|Any CPU.ActiveCfg = Release|Any CPU
		{45A9E8B9-E686-4FD6-8F45-9BC4CAD62076}.Release|Any CPU.Build.0 = Release|Any CPU
	EndGlobalSection
	GlobalSection(SolutionProperties) = preSolution
		HideSolutionNode = FALSE
	EndGlobalSection
	GlobalSection(ExtensibilityGlobals) = postSolution
		SolutionGuid = {E39A0C08-E2CA-4ECA-8640-38299A7568B9}
	EndGlobalSection
EndGlobal
