
Microsoft Visual Studio Solution File, Format Version 12.00
# Visual Studio Version 16
VisualStudioVersion = 16.0.29503.13
MinimumVisualStudioVersion = 10.0.40219.1
Project("{FAE04EC0-301F-11D3-BF4B-00C04F79EFBC}") = "Dataset-RozhodnutiUOHS", "Dataset-RozhodnutiUOHS.csproj", "{F57AE949-46A7-4732-A5D4-6BCCAA504E4A}"
EndProject
Global
	GlobalSection(SolutionConfigurationPlatforms) = preSolution
		Debug|Any CPU = Debug|Any CPU
		Release|Any CPU = Release|Any CPU
	EndGlobalSection
	GlobalSection(ProjectConfigurationPlatforms) = postSolution
		{F57AE949-46A7-4732-A5D4-6BCCAA504E4A}.Debug|Any CPU.ActiveCfg = Debug|Any CPU
		{F57AE949-46A7-4732-A5D4-6BCCAA504E4A}.Debug|Any CPU.Build.0 = Debug|Any CPU
		{F57AE949-46A7-4732-A5D4-6BCCAA504E4A}.Release|Any CPU.ActiveCfg = Release|Any CPU
		{F57AE949-46A7-4732-A5D4-6BCCAA504E4A}.Release|Any CPU.Build.0 = Release|Any CPU
	EndGlobalSection
	GlobalSection(SolutionProperties) = preSolution
		HideSolutionNode = FALSE
	EndGlobalSection
	GlobalSection(ExtensibilityGlobals) = postSolution
		SolutionGuid = {B750239C-1944-4CCD-BE5B-9F1B1E4601A9}
	EndGlobalSection
EndGlobal
